
Microsoft Visual Studio Solution File, Format Version 12.00
# Visual Studio 15
VisualStudioVersion = 15.0.28307.645
MinimumVisualStudioVersion = 10.0.40219.1
Project("{FAE04EC0-301F-11D3-BF4B-00C04F79EFBC}") = "BusinessHouse", "BusinessHouse\BusinessHouse.csproj", "{4F6044F5-C955-457B-8E98-60AA0CD6A002}"
EndProject
Project("{FAE04EC0-301F-11D3-BF4B-00C04F79EFBC}") = "BusinessHouseTests", "BusinessHouseTests\BusinessHouseTests.csproj", "{BB44AEDC-8317-4F0E-B582-32E6209860D8}"
EndProject
Global
	GlobalSection(SolutionConfigurationPlatforms) = preSolution
		Debug|Any CPU = Debug|Any CPU
		Release|Any CPU = Release|Any CPU
	EndGlobalSection
	GlobalSection(ProjectConfigurationPlatforms) = postSolution
		{4F6044F5-C955-457B-8E98-60AA0CD6A002}.Debug|Any CPU.ActiveCfg = Debug|Any CPU
		{4F6044F5-C955-457B-8E98-60AA0CD6A002}.Debug|Any CPU.Build.0 = Debug|Any CPU
		{4F6044F5-C955-457B-8E98-60AA0CD6A002}.Release|Any CPU.ActiveCfg = Release|Any CPU
		{4F6044F5-C955-457B-8E98-60AA0CD6A002}.Release|Any CPU.Build.0 = Release|Any CPU
		{BB44AEDC-8317-4F0E-B582-32E6209860D8}.Debug|Any CPU.ActiveCfg = Debug|Any CPU
		{BB44AEDC-8317-4F0E-B582-32E6209860D8}.Debug|Any CPU.Build.0 = Debug|Any CPU
		{BB44AEDC-8317-4F0E-B582-32E6209860D8}.Release|Any CPU.ActiveCfg = Release|Any CPU
		{BB44AEDC-8317-4F0E-B582-32E6209860D8}.Release|Any CPU.Build.0 = Release|Any CPU
	EndGlobalSection
	GlobalSection(SolutionProperties) = preSolution
		HideSolutionNode = FALSE
	EndGlobalSection
	GlobalSection(ExtensibilityGlobals) = postSolution
		SolutionGuid = {92BB8522-E62D-4725-A616-CDADCD814165}
	EndGlobalSection
EndGlobal
